
Microsoft Visual Studio Solution File, Format Version 12.00
# Visual Studio Version 17
VisualStudioVersion = 17.4.33213.308
MinimumVisualStudioVersion = 10.0.40219.1
Project("{FAE04EC0-301F-11D3-BF4B-00C04F79EFBC}") = "Crud", "Crud\Crud.csproj", "{88E3B4F2-877C-4E29-BF2A-09C1AFEDDD01}"
EndProject
Global
	GlobalSection(SolutionConfigurationPlatforms) = preSolution
		Debug|Any CPU = Debug|Any CPU
		Release|Any CPU = Release|Any CPU
	EndGlobalSection
	GlobalSection(ProjectConfigurationPlatforms) = postSolution
		{88E3B4F2-877C-4E29-BF2A-09C1AFEDDD01}.Debug|Any CPU.ActiveCfg = Debug|Any CPU
		{88E3B4F2-877C-4E29-BF2A-09C1AFEDDD01}.Debug|Any CPU.Build.0 = Debug|Any CPU
		{88E3B4F2-877C-4E29-BF2A-09C1AFEDDD01}.Release|Any CPU.ActiveCfg = Release|Any CPU
		{88E3B4F2-877C-4E29-BF2A-09C1AFEDDD01}.Release|Any CPU.Build.0 = Release|Any CPU
	EndGlobalSection
	GlobalSection(SolutionProperties) = preSolution
		HideSolutionNode = FALSE
	EndGlobalSection
	GlobalSection(ExtensibilityGlobals) = postSolution
		SolutionGuid = {40785E50-3414-4B85-831E-1A48393C1C9E}
	EndGlobalSection
EndGlobal
